{
  "nodes": {
    "bats-require": {
      "inputs": {
        "flake-compat": [
          "flake-compat"
        ],
        "flake-utils": [
          "flake-utils"
        ],
        "nixpkgs": [
          "nixpkgs"
        ]
      },
      "locked": {
        "lastModified": 1669257955,
        "narHash": "sha256-ejqA6y4h9Tica1N60BYDlKRyULH/WhbLCgSmWIdUbAg=",
        "owner": "abathur",
        "repo": "bats-require",
        "rev": "e77ab2e286581185f6da97b74cd5ea168e0de7b9",
        "type": "github"
      },
      "original": {
        "owner": "abathur",
        "repo": "bats-require",
        "type": "github"
      }
    },
    "bats-require_2": {
      "inputs": {
        "flake-compat": [
          "hag",
          "shellswain",
          "comity",
          "flake-compat"
        ],
        "flake-utils": [
          "hag",
          "shellswain",
          "comity",
          "flake-utils"
        ],
        "nixpkgs": [
          "hag",
          "shellswain",
          "comity",
          "nixpkgs"
        ]
      },
      "locked": {
        "lastModified": 1669257955,
        "narHash": "sha256-ejqA6y4h9Tica1N60BYDlKRyULH/WhbLCgSmWIdUbAg=",
        "owner": "abathur",
        "repo": "bats-require",
        "rev": "e77ab2e286581185f6da97b74cd5ea168e0de7b9",
        "type": "github"
      },
      "original": {
        "owner": "abathur",
        "repo": "bats-require",
        "type": "github"
      }
    },
    "bats-require_3": {
      "inputs": {
        "flake-compat": [
          "lilgit",
          "flake-compat"
        ],
        "flake-utils": [
          "lilgit",
          "flake-utils"
        ],
        "nixpkgs": [
          "lilgit",
          "nixpkgs"
        ]
      },
      "locked": {
        "lastModified": 1669257955,
        "narHash": "sha256-ejqA6y4h9Tica1N60BYDlKRyULH/WhbLCgSmWIdUbAg=",
        "owner": "abathur",
        "repo": "bats-require",
        "rev": "e77ab2e286581185f6da97b74cd5ea168e0de7b9",
        "type": "github"
      },
      "original": {
        "owner": "abathur",
        "repo": "bats-require",
        "type": "github"
      }
    },
    "comity": {
      "inputs": {
        "bats-require": "bats-require_2",
        "flake-compat": "flake-compat_2",
        "flake-utils": "flake-utils_2",
        "nixpkgs": "nixpkgs"
      },
      "locked": {
        "lastModified": 1674348911,
        "narHash": "sha256-iY7GviaGhEdlM5EJZUMWdXfyG6pGixhul8+H3s3jYrE=",
        "owner": "abathur",
        "repo": "comity",
        "rev": "1a73e4163fdc7b440980c8882bfe114d544d5174",
        "type": "github"
      },
      "original": {
        "owner": "abathur",
        "repo": "comity",
        "type": "github"
      }
    },
    "crane": {
      "inputs": {
        "flake-compat": [
          "lilgit",
          "flake-compat"
        ],
        "flake-utils": [
          "lilgit",
          "flake-utils"
        ],
        "nixpkgs": [
          "lilgit",
          "nixpkgs"
        ],
        "rust-overlay": "rust-overlay"
      },
      "locked": {
        "lastModified": 1673405853,
        "narHash": "sha256-6Nq9DuOo+gE2I8z5UZaKuumykz2xxZ9JGYmUthOuwSA=",
        "owner": "ipetkov",
        "repo": "crane",
        "rev": "b13963c8c18026aa694acd98d14f66d24666f70b",
        "type": "github"
      },
      "original": {
        "owner": "ipetkov",
        "repo": "crane",
        "type": "github"
      }
    },
    "flake-compat": {
      "flake": false,
      "locked": {
        "lastModified": 1673956053,
        "narHash": "sha256-4gtG9iQuiKITOjNQQeQIpoIB6b16fm+504Ch3sNKLd8=",
        "owner": "edolstra",
        "repo": "flake-compat",
        "rev": "35bb57c0c8d8b62bbfd284272c928ceb64ddbde9",
        "type": "github"
      },
      "original": {
        "owner": "edolstra",
        "repo": "flake-compat",
        "type": "github"
      }
    },
    "flake-compat_2": {
      "flake": false,
      "locked": {
        "lastModified": 1650374568,
        "narHash": "sha256-Z+s0J8/r907g149rllvwhb4pKi8Wam5ij0st8PwAh+E=",
        "owner": "edolstra",
        "repo": "flake-compat",
        "rev": "b4a34015c698c7793d592d66adbab377907a2be8",
        "type": "github"
      },
      "original": {
        "owner": "edolstra",
        "repo": "flake-compat",
        "type": "github"
      }
    },
    "flake-utils": {
      "locked": {
        "lastModified": 1667395993,
        "narHash": "sha256-nuEHfE/LcWyuSWnS8t12N1wc105Qtau+/OdUAjtQ0rA=",
        "owner": "numtide",
        "repo": "flake-utils",
        "rev": "5aed5285a952e0b949eb3ba02c12fa4fcfef535f",
        "type": "github"
      },
      "original": {
        "owner": "numtide",
        "repo": "flake-utils",
        "type": "github"
      }
    },
    "flake-utils_2": {
      "locked": {
        "lastModified": 1667395993,
        "narHash": "sha256-nuEHfE/LcWyuSWnS8t12N1wc105Qtau+/OdUAjtQ0rA=",
        "owner": "numtide",
        "repo": "flake-utils",
        "rev": "5aed5285a952e0b949eb3ba02c12fa4fcfef535f",
        "type": "github"
      },
      "original": {
        "owner": "numtide",
        "repo": "flake-utils",
        "type": "github"
      }
    },
    "hag": {
      "inputs": {
        "bats-require": [
          "hag",
          "shellswain",
          "bats-require"
        ],
        "flake-compat": [
          "flake-compat"
        ],
        "flake-utils": [
          "flake-utils"
        ],
        "nixpkgs": [
          "nixpkgs"
        ],
        "shellswain": "shellswain"
      },
      "locked": {
        "lastModified": 1674352522,
        "narHash": "sha256-tu6B3gyacAkBfCNEjgq8Tnrc3ji3lRj7i7UlqrDbsVE=",
        "owner": "abathur",
        "repo": "shell-hag",
        "rev": "583607fa34d85f0b46db33671aa414732a9da287",
        "type": "github"
      },
      "original": {
        "owner": "abathur",
        "ref": "flaky-breaky-heart",
        "repo": "shell-hag",
        "type": "github"
      }
    },
    "lilgit": {
      "inputs": {
        "bats-require": "bats-require_3",
        "crane": "crane",
        "flake-compat": [
          "flake-compat"
        ],
        "flake-utils": [
          "flake-utils"
        ],
        "nixpkgs": [
          "nixpkgs"
        ]
      },
      "locked": {
        "lastModified": 1673733055,
        "narHash": "sha256-mzOwTEZlHwjMdOoyMJlSmyGBr0Yh5Gk/eLzubJRGk2s=",
        "owner": "abathur",
        "repo": "lilgit",
        "rev": "8d4661b9b9850648184c637b95db385fa67158c4",
        "type": "github"
      },
      "original": {
        "owner": "abathur",
        "repo": "lilgit",
        "type": "github"
      }
    },
    "nixpkgs": {
      "locked": {
        "lastModified": 1667639549,
        "narHash": "sha256-frqZKSG/933Ctwl9voSZnXDwo8CqddXcjQhnCzwNqaM=",
        "owner": "nixos",
        "repo": "nixpkgs",
        "rev": "cae3751e9f74eea29c573d6c2f14523f41c2821a",
        "type": "github"
      },
      "original": {
        "owner": "nixos",
        "ref": "nixpkgs-unstable",
        "repo": "nixpkgs",
        "type": "github"
      }
    },
    "nixpkgs_2": {
      "locked": {
        "lastModified": 1674236650,
        "narHash": "sha256-B4GKL1YdJnII6DQNNJ4wDW1ySJVx2suB1h/v4Ql8J0Q=",
        "owner": "nixos",
        "repo": "nixpkgs",
        "rev": "cfb43ad7b941d9c3606fb35d91228da7ebddbfc5",
        "type": "github"
      },
      "original": {
        "owner": "nixos",
        "ref": "nixpkgs-unstable",
        "repo": "nixpkgs",
        "type": "github"
      }
    },
    "root": {
      "inputs": {
        "bats-require": "bats-require",
        "flake-compat": "flake-compat",
        "flake-utils": "flake-utils",
        "hag": "hag",
        "lilgit": "lilgit",
        "nixpkgs": "nixpkgs_2"
      }
    },
    "rust-overlay": {
      "inputs": {
        "flake-utils": [
          "lilgit",
          "crane",
          "flake-utils"
        ],
        "nixpkgs": [
          "lilgit",
          "crane",
          "nixpkgs"
        ]
      },
      "locked": {
        "lastModified": 1672712534,
        "narHash": "sha256-8S0DdMPcbITnlOu0uA81mTo3hgX84wK8S9wS34HEFY4=",
        "owner": "oxalica",
        "repo": "rust-overlay",
        "rev": "69fb7bf0a8c40e6c4c197fa1816773774c8ac59f",
        "type": "github"
      },
      "original": {
        "owner": "oxalica",
        "repo": "rust-overlay",
        "type": "github"
      }
    },
    "shellswain": {
      "inputs": {
        "bats-require": [
          "hag",
          "shellswain",
          "comity",
          "bats-require"
        ],
        "comity": "comity",
        "flake-compat": [
          "hag",
          "shellswain",
          "comity",
          "flake-compat"
        ],
        "flake-utils": [
          "hag",
          "shellswain",
          "comity",
          "flake-utils"
        ],
        "nixpkgs": [
          "hag",
          "shellswain",
          "comity",
          "nixpkgs"
        ]
      },
      "locked": {
        "lastModified": 1674349631,
        "narHash": "sha256-/Z+5GpftfD1V7/33y1e2F2xCqeHQzIA/a22iBcuwaXA=",
        "owner": "abathur",
        "repo": "shellswain",
        "rev": "19ef1b79ef5f1adfe1caf0dbe5000aa9ec5b5bc4",
        "type": "github"
      },
      "original": {
        "owner": "abathur",
        "ref": "v0.3.0",
        "repo": "shellswain",
        "type": "github"
      }
    }
  },
  "root": "root",
  "version": 7
}
