{
  "nodes": {
    "bats-require": {
      "inputs": {
        "flake-compat": [
          "flake-compat"
        ],
        "flake-utils": [
          "flake-utils"
        ],
        "nixpkgs": [
          "nixpkgs"
        ]
      },
      "locked": {
        "lastModified": 1669257955,
        "narHash": "sha256-ejqA6y4h9Tica1N60BYDlKRyULH/WhbLCgSmWIdUbAg=",
        "owner": "abathur",
        "repo": "bats-require",
        "rev": "e77ab2e286581185f6da97b74cd5ea168e0de7b9",
        "type": "github"
      },
      "original": {
        "owner": "abathur",
        "repo": "bats-require",
        "type": "github"
      }
    },
    "bats-require_2": {
      "inputs": {
        "flake-compat": [
          "hag",
          "shellswain",
          "comity",
          "flake-compat"
        ],
        "flake-utils": [
          "hag",
          "shellswain",
          "comity",
          "flake-utils"
        ],
        "nixpkgs": [
          "hag",
          "shellswain",
          "comity",
          "nixpkgs"
        ]
      },
      "locked": {
        "lastModified": 1669257955,
        "narHash": "sha256-ejqA6y4h9Tica1N60BYDlKRyULH/WhbLCgSmWIdUbAg=",
        "owner": "abathur",
        "repo": "bats-require",
        "rev": "e77ab2e286581185f6da97b74cd5ea168e0de7b9",
        "type": "github"
      },
      "original": {
        "owner": "abathur",
        "repo": "bats-require",
        "type": "github"
      }
    },
    "bats-require_3": {
      "inputs": {
        "flake-compat": [
          "lilgit",
          "flake-compat"
        ],
        "flake-utils": [
          "lilgit",
          "flake-utils"
        ],
        "nixpkgs": [
          "lilgit",
          "nixpkgs"
        ]
      },
      "locked": {
        "lastModified": 1669257955,
        "narHash": "sha256-ejqA6y4h9Tica1N60BYDlKRyULH/WhbLCgSmWIdUbAg=",
        "owner": "abathur",
        "repo": "bats-require",
        "rev": "e77ab2e286581185f6da97b74cd5ea168e0de7b9",
        "type": "github"
      },
      "original": {
        "owner": "abathur",
        "repo": "bats-require",
        "type": "github"
      }
    },
    "comity": {
      "inputs": {
        "bats-require": "bats-require_2",
        "flake-compat": "flake-compat_2",
        "flake-utils": "flake-utils_2",
        "nixpkgs": "nixpkgs"
      },
      "locked": {
        "lastModified": 1674348911,
        "narHash": "sha256-iY7GviaGhEdlM5EJZUMWdXfyG6pGixhul8+H3s3jYrE=",
        "owner": "abathur",
        "repo": "comity",
        "rev": "1a73e4163fdc7b440980c8882bfe114d544d5174",
        "type": "github"
      },
      "original": {
        "owner": "abathur",
        "repo": "comity",
        "type": "github"
      }
    },
    "crane": {
      "inputs": {
        "flake-compat": [
          "lilgit",
          "flake-compat"
        ],
        "flake-utils": [
          "lilgit",
          "flake-utils"
        ],
        "nixpkgs": [
          "lilgit",
          "nixpkgs"
        ],
        "rust-overlay": "rust-overlay"
      },
      "locked": {
        "lastModified": 1692750383,
        "narHash": "sha256-n5P5HOXuu23UB1h9PuayldnRRVQuXJLpoO+xqtMO3ws=",
        "owner": "ipetkov",
        "repo": "crane",
        "rev": "ef5d11e3c2e5b3924eb0309dba2e1fea2d9062ae",
        "type": "github"
      },
      "original": {
        "owner": "ipetkov",
        "ref": "v0.13.1",
        "repo": "crane",
        "type": "github"
      }
    },
    "flake-compat": {
      "flake": false,
      "locked": {
        "lastModified": 1696426674,
        "narHash": "sha256-kvjfFW7WAETZlt09AgDn1MrtKzP7t90Vf7vypd3OL1U=",
        "owner": "edolstra",
        "repo": "flake-compat",
        "rev": "0f9255e01c2351cc7d116c072cb317785dd33b33",
        "type": "github"
      },
      "original": {
        "owner": "edolstra",
        "repo": "flake-compat",
        "type": "github"
      }
    },
    "flake-compat_2": {
      "flake": false,
      "locked": {
        "lastModified": 1650374568,
        "narHash": "sha256-Z+s0J8/r907g149rllvwhb4pKi8Wam5ij0st8PwAh+E=",
        "owner": "edolstra",
        "repo": "flake-compat",
        "rev": "b4a34015c698c7793d592d66adbab377907a2be8",
        "type": "github"
      },
      "original": {
        "owner": "edolstra",
        "repo": "flake-compat",
        "type": "github"
      }
    },
    "flake-utils": {
      "inputs": {
        "systems": "systems"
      },
      "locked": {
        "lastModified": 1694529238,
        "narHash": "sha256-zsNZZGTGnMOf9YpHKJqMSsa0dXbfmxeoJ7xHlrt+xmY=",
        "owner": "numtide",
        "repo": "flake-utils",
        "rev": "ff7b65b44d01cf9ba6a71320833626af21126384",
        "type": "github"
      },
      "original": {
        "owner": "numtide",
        "repo": "flake-utils",
        "type": "github"
      }
    },
    "flake-utils_2": {
      "locked": {
        "lastModified": 1667395993,
        "narHash": "sha256-nuEHfE/LcWyuSWnS8t12N1wc105Qtau+/OdUAjtQ0rA=",
        "owner": "numtide",
        "repo": "flake-utils",
        "rev": "5aed5285a952e0b949eb3ba02c12fa4fcfef535f",
        "type": "github"
      },
      "original": {
        "owner": "numtide",
        "repo": "flake-utils",
        "type": "github"
      }
    },
    "hag": {
      "inputs": {
        "bats-require": [
          "hag",
          "shellswain",
          "bats-require"
        ],
        "flake-compat": [
          "flake-compat"
        ],
        "flake-utils": [
          "flake-utils"
        ],
        "nixpkgs": [
          "nixpkgs"
        ],
        "shellswain": "shellswain"
      },
      "locked": {
        "lastModified": 1674352522,
        "narHash": "sha256-tu6B3gyacAkBfCNEjgq8Tnrc3ji3lRj7i7UlqrDbsVE=",
        "owner": "abathur",
        "repo": "shell-hag",
        "rev": "583607fa34d85f0b46db33671aa414732a9da287",
        "type": "github"
      },
      "original": {
        "owner": "abathur",
        "ref": "flaky-breaky-heart",
        "repo": "shell-hag",
        "type": "github"
      }
    },
    "lilgit": {
      "inputs": {
        "bats-require": "bats-require_3",
        "crane": "crane",
        "flake-compat": [
          "flake-compat"
        ],
        "flake-utils": [
          "flake-utils"
        ],
        "nixpkgs": [
          "nixpkgs"
        ]
      },
      "locked": {
        "lastModified": 1701486243,
        "narHash": "sha256-vu70xp+QXwQe9XGNmFpSRyE2TtSE1Q5z+vrNPO6fQtU=",
        "owner": "abathur",
        "repo": "lilgit",
        "rev": "17e53d7c49f8649ca70373d3de22acb7337f7460",
        "type": "github"
      },
      "original": {
        "owner": "abathur",
        "repo": "lilgit",
        "type": "github"
      }
    },
    "nixpkgs": {
      "locked": {
        "lastModified": 1667639549,
        "narHash": "sha256-frqZKSG/933Ctwl9voSZnXDwo8CqddXcjQhnCzwNqaM=",
        "owner": "nixos",
        "repo": "nixpkgs",
        "rev": "cae3751e9f74eea29c573d6c2f14523f41c2821a",
        "type": "github"
      },
      "original": {
        "owner": "nixos",
        "ref": "nixpkgs-unstable",
        "repo": "nixpkgs",
        "type": "github"
      }
    },
    "nixpkgs_2": {
      "locked": {
        "lastModified": 1701336116,
        "narHash": "sha256-kEmpezCR/FpITc6yMbAh4WrOCiT2zg5pSjnKrq51h5Y=",
        "owner": "nixos",
        "repo": "nixpkgs",
        "rev": "f5c27c6136db4d76c30e533c20517df6864c46ee",
        "type": "github"
      },
      "original": {
        "owner": "nixos",
        "ref": "nixpkgs-unstable",
        "repo": "nixpkgs",
        "type": "github"
      }
    },
    "root": {
      "inputs": {
        "bats-require": "bats-require",
        "flake-compat": "flake-compat",
        "flake-utils": "flake-utils",
        "hag": "hag",
        "lilgit": "lilgit",
        "nixpkgs": "nixpkgs_2"
      }
    },
    "rust-overlay": {
      "inputs": {
        "flake-utils": [
          "lilgit",
          "crane",
          "flake-utils"
        ],
        "nixpkgs": [
          "lilgit",
          "crane",
          "nixpkgs"
        ]
      },
      "locked": {
        "lastModified": 1691374719,
        "narHash": "sha256-HCodqnx1Mi2vN4f3hjRPc7+lSQy18vRn8xWW68GeQOg=",
        "owner": "oxalica",
        "repo": "rust-overlay",
        "rev": "b520a3889b24aaf909e287d19d406862ced9ffc9",
        "type": "github"
      },
      "original": {
        "owner": "oxalica",
        "repo": "rust-overlay",
        "type": "github"
      }
    },
    "shellswain": {
      "inputs": {
        "bats-require": [
          "hag",
          "shellswain",
          "comity",
          "bats-require"
        ],
        "comity": "comity",
        "flake-compat": [
          "hag",
          "shellswain",
          "comity",
          "flake-compat"
        ],
        "flake-utils": [
          "hag",
          "shellswain",
          "comity",
          "flake-utils"
        ],
        "nixpkgs": [
          "hag",
          "shellswain",
          "comity",
          "nixpkgs"
        ]
      },
      "locked": {
        "lastModified": 1674349631,
        "narHash": "sha256-/Z+5GpftfD1V7/33y1e2F2xCqeHQzIA/a22iBcuwaXA=",
        "owner": "abathur",
        "repo": "shellswain",
        "rev": "19ef1b79ef5f1adfe1caf0dbe5000aa9ec5b5bc4",
        "type": "github"
      },
      "original": {
        "owner": "abathur",
        "ref": "v0.3.0",
        "repo": "shellswain",
        "type": "github"
      }
    },
    "systems": {
      "locked": {
        "lastModified": 1681028828,
        "narHash": "sha256-Vy1rq5AaRuLzOxct8nz4T6wlgyUR7zLU309k9mBC768=",
        "owner": "nix-systems",
        "repo": "default",
        "rev": "da67096a3b9bf56a91d16901293e51ba5b49a27e",
        "type": "github"
      },
      "original": {
        "owner": "nix-systems",
        "repo": "default",
        "type": "github"
      }
    }
  },
  "root": "root",
  "version": 7
}
